
Microsoft Visual Studio Solution File, Format Version 12.00
# Visual Studio Version 17
VisualStudioVersion = 17.4.33213.308
MinimumVisualStudioVersion = 10.0.40219.1
Project("{9A19103F-16F7-4668-BE54-9A1E7A4F7556}") = "WebApplication1", "WebApplication1\WebApplication1.csproj", "{4727814C-F093-4A08-9134-99CA07A63A71}"
EndProject
Project("{9A19103F-16F7-4668-BE54-9A1E7A4F7556}") = "Data", "Data\Data.csproj", "{94C104FB-DA65-4B8D-9551-7444F70E3CB0}"
EndProject
Project("{FAE04EC0-301F-11D3-BF4B-00C04F79EFBC}") = "Core", "Core\Core.csproj", "{8D86BF31-7FA6-4273-8F97-D3B42FF49AB9}"
EndProject
Global
	GlobalSection(SolutionConfigurationPlatforms) = preSolution
		Debug|Any CPU = Debug|Any CPU
		Release|Any CPU = Release|Any CPU
	EndGlobalSection
	GlobalSection(ProjectConfigurationPlatforms) = postSolution
		{4727814C-F093-4A08-9134-99CA07A63A71}.Debug|Any CPU.ActiveCfg = Debug|Any CPU
		{4727814C-F093-4A08-9134-99CA07A63A71}.Debug|Any CPU.Build.0 = Debug|Any CPU
		{4727814C-F093-4A08-9134-99CA07A63A71}.Release|Any CPU.ActiveCfg = Release|Any CPU
		{4727814C-F093-4A08-9134-99CA07A63A71}.Release|Any CPU.Build.0 = Release|Any CPU
		{94C104FB-DA65-4B8D-9551-7444F70E3CB0}.Debug|Any CPU.ActiveCfg = Debug|Any CPU
		{94C104FB-DA65-4B8D-9551-7444F70E3CB0}.Debug|Any CPU.Build.0 = Debug|Any CPU
		{94C104FB-DA65-4B8D-9551-7444F70E3CB0}.Release|Any CPU.ActiveCfg = Release|Any CPU
		{94C104FB-DA65-4B8D-9551-7444F70E3CB0}.Release|Any CPU.Build.0 = Release|Any CPU
		{8D86BF31-7FA6-4273-8F97-D3B42FF49AB9}.Debug|Any CPU.ActiveCfg = Debug|Any CPU
		{8D86BF31-7FA6-4273-8F97-D3B42FF49AB9}.Debug|Any CPU.Build.0 = Debug|Any CPU
		{8D86BF31-7FA6-4273-8F97-D3B42FF49AB9}.Release|Any CPU.ActiveCfg = Release|Any CPU
		{8D86BF31-7FA6-4273-8F97-D3B42FF49AB9}.Release|Any CPU.Build.0 = Release|Any CPU
	EndGlobalSection
	GlobalSection(SolutionProperties) = preSolution
		HideSolutionNode = FALSE
	EndGlobalSection
	GlobalSection(ExtensibilityGlobals) = postSolution
		SolutionGuid = {7047E13E-6523-4EEF-9500-B531D6299A0B}
	EndGlobalSection
EndGlobal
